
Microsoft Visual Studio Solution File, Format Version 12.00
# Visual Studio Version 16
VisualStudioVersion = 16.0.29926.136
MinimumVisualStudioVersion = 10.0.40219.1
Project("{9A19103F-16F7-4668-BE54-9A1E7A4F7556}") = "DM.Domain", "DM.Domain\DM.Domain.csproj", "{91A84942-A142-4DE8-96E6-62B27F2B54D9}"
EndProject
Project("{9A19103F-16F7-4668-BE54-9A1E7A4F7556}") = "DM.Domain.Shared", "DM.Domain.Shared\DM.Domain.Shared.csproj", "{7481A352-A7E1-401C-A359-20B52AB53833}"
EndProject
Project("{FAE04EC0-301F-11D3-BF4B-00C04F79EFBC}") = "DM.Infra.Data", "DM.Infra.Data\DM.Infra.Data.csproj", "{20128213-81C1-45C0-92E7-2F8FFCA32308}"
EndProject
Project("{FAE04EC0-301F-11D3-BF4B-00C04F79EFBC}") = "DM.Application", "DM.Application\DM.Application.csproj", "{149E77A2-7540-4857-8878-530ECE5EAFBA}"
EndProject
Project("{FAE04EC0-301F-11D3-BF4B-00C04F79EFBC}") = "DM.Services.API", "DM.Services.API\DM.Services.API.csproj", "{1D95025A-5768-4EE1-8EF0-171C56CEB38B}"
EndProject
Global
	GlobalSection(SolutionConfigurationPlatforms) = preSolution
		Debug|Any CPU = Debug|Any CPU
		Release|Any CPU = Release|Any CPU
	EndGlobalSection
	GlobalSection(ProjectConfigurationPlatforms) = postSolution
		{91A84942-A142-4DE8-96E6-62B27F2B54D9}.Debug|Any CPU.ActiveCfg = Debug|Any CPU
		{91A84942-A142-4DE8-96E6-62B27F2B54D9}.Debug|Any CPU.Build.0 = Debug|Any CPU
		{91A84942-A142-4DE8-96E6-62B27F2B54D9}.Release|Any CPU.ActiveCfg = Release|Any CPU
		{91A84942-A142-4DE8-96E6-62B27F2B54D9}.Release|Any CPU.Build.0 = Release|Any CPU
		{7481A352-A7E1-401C-A359-20B52AB53833}.Debug|Any CPU.ActiveCfg = Debug|Any CPU
		{7481A352-A7E1-401C-A359-20B52AB53833}.Debug|Any CPU.Build.0 = Debug|Any CPU
		{7481A352-A7E1-401C-A359-20B52AB53833}.Release|Any CPU.ActiveCfg = Release|Any CPU
		{7481A352-A7E1-401C-A359-20B52AB53833}.Release|Any CPU.Build.0 = Release|Any CPU
		{20128213-81C1-45C0-92E7-2F8FFCA32308}.Debug|Any CPU.ActiveCfg = Debug|Any CPU
		{20128213-81C1-45C0-92E7-2F8FFCA32308}.Debug|Any CPU.Build.0 = Debug|Any CPU
		{20128213-81C1-45C0-92E7-2F8FFCA32308}.Release|Any CPU.ActiveCfg = Release|Any CPU
		{20128213-81C1-45C0-92E7-2F8FFCA32308}.Release|Any CPU.Build.0 = Release|Any CPU
		{149E77A2-7540-4857-8878-530ECE5EAFBA}.Debug|Any CPU.ActiveCfg = Debug|Any CPU
		{149E77A2-7540-4857-8878-530ECE5EAFBA}.Debug|Any CPU.Build.0 = Debug|Any CPU
		{149E77A2-7540-4857-8878-530ECE5EAFBA}.Release|Any CPU.ActiveCfg = Release|Any CPU
		{149E77A2-7540-4857-8878-530ECE5EAFBA}.Release|Any CPU.Build.0 = Release|Any CPU
		{1D95025A-5768-4EE1-8EF0-171C56CEB38B}.Debug|Any CPU.ActiveCfg = Debug|Any CPU
		{1D95025A-5768-4EE1-8EF0-171C56CEB38B}.Debug|Any CPU.Build.0 = Debug|Any CPU
		{1D95025A-5768-4EE1-8EF0-171C56CEB38B}.Release|Any CPU.ActiveCfg = Release|Any CPU
		{1D95025A-5768-4EE1-8EF0-171C56CEB38B}.Release|Any CPU.Build.0 = Release|Any CPU
	EndGlobalSection
	GlobalSection(SolutionProperties) = preSolution
		HideSolutionNode = FALSE
	EndGlobalSection
	GlobalSection(ExtensibilityGlobals) = postSolution
		SolutionGuid = {890AB686-1EF7-4953-91B9-0E2E56DF9E09}
	EndGlobalSection
EndGlobal
